
Microsoft Visual Studio Solution File, Format Version 12.00
# Visual Studio Version 16
VisualStudioVersion = 16.0.31402.337
MinimumVisualStudioVersion = 10.0.40219.1
Project("{FAE04EC0-301F-11D3-BF4B-00C04F79EFBC}") = "Parcial1.Esposito.Interfaz", "Parcial1.Esposito.Interfaz\Parcial1.Esposito.Interfaz.csproj", "{62072C8D-FDB6-4174-BDDB-7180FB9D05CE}"
EndProject
Project("{FAE04EC0-301F-11D3-BF4B-00C04F79EFBC}") = "Parcial1.Esposito.BibliotecaClases", "Parcial1.Esposito.BibliotecaClases\Parcial1.Esposito.BibliotecaClases.csproj", "{0948EB94-4D35-43CB-AD99-C451521A522C}"
EndProject
Project("{FAE04EC0-301F-11D3-BF4B-00C04F79EFBC}") = "Parcial1.Esposito.Utilidades", "Parcial1.Esposito.Utilidades\Parcial1.Esposito.Utilidades.csproj", "{C253D218-2B15-425C-8293-F537EB3F4B19}"
EndProject
Global
	GlobalSection(SolutionConfigurationPlatforms) = preSolution
		Debug|Any CPU = Debug|Any CPU
		Release|Any CPU = Release|Any CPU
	EndGlobalSection
	GlobalSection(ProjectConfigurationPlatforms) = postSolution
		{62072C8D-FDB6-4174-BDDB-7180FB9D05CE}.Debug|Any CPU.ActiveCfg = Debug|Any CPU
		{62072C8D-FDB6-4174-BDDB-7180FB9D05CE}.Debug|Any CPU.Build.0 = Debug|Any CPU
		{62072C8D-FDB6-4174-BDDB-7180FB9D05CE}.Release|Any CPU.ActiveCfg = Release|Any CPU
		{62072C8D-FDB6-4174-BDDB-7180FB9D05CE}.Release|Any CPU.Build.0 = Release|Any CPU
		{0948EB94-4D35-43CB-AD99-C451521A522C}.Debug|Any CPU.ActiveCfg = Debug|Any CPU
		{0948EB94-4D35-43CB-AD99-C451521A522C}.Debug|Any CPU.Build.0 = Debug|Any CPU
		{0948EB94-4D35-43CB-AD99-C451521A522C}.Release|Any CPU.ActiveCfg = Release|Any CPU
		{0948EB94-4D35-43CB-AD99-C451521A522C}.Release|Any CPU.Build.0 = Release|Any CPU
		{C253D218-2B15-425C-8293-F537EB3F4B19}.Debug|Any CPU.ActiveCfg = Debug|Any CPU
		{C253D218-2B15-425C-8293-F537EB3F4B19}.Debug|Any CPU.Build.0 = Debug|Any CPU
		{C253D218-2B15-425C-8293-F537EB3F4B19}.Release|Any CPU.ActiveCfg = Release|Any CPU
		{C253D218-2B15-425C-8293-F537EB3F4B19}.Release|Any CPU.Build.0 = Release|Any CPU
	EndGlobalSection
	GlobalSection(SolutionProperties) = preSolution
		HideSolutionNode = FALSE
	EndGlobalSection
	GlobalSection(ExtensibilityGlobals) = postSolution
		SolutionGuid = {10D5D0AC-2BAB-4EDA-A47F-E617059C3E72}
	EndGlobalSection
EndGlobal
