
Microsoft Visual Studio Solution File, Format Version 12.00
# Visual Studio Version 16
VisualStudioVersion = 16.0.31402.337
MinimumVisualStudioVersion = 10.0.40219.1
Project("{FAE04EC0-301F-11D3-BF4B-00C04F79EFBC}") = "PracticaParcial.Interfaz", "PracticaParcial.Interfaz\PracticaParcial.Interfaz.csproj", "{27FD1C44-AD1F-42EB-BE2A-68E0FD9C40A3}"
EndProject
Project("{FAE04EC0-301F-11D3-BF4B-00C04F79EFBC}") = "PracticaParcial.Entidades", "PracticaParcial.Entidades\PracticaParcial.Entidades.csproj", "{630EEF64-98AB-4953-A294-829788D8E8FC}"
EndProject
Project("{FAE04EC0-301F-11D3-BF4B-00C04F79EFBC}") = "PracticaParcial.Datos", "PracticaParcial.Datos\PracticaParcial.Datos.csproj", "{78431257-0927-49E8-9C32-24A2276DBD26}"
EndProject
Project("{FAE04EC0-301F-11D3-BF4B-00C04F79EFBC}") = "PracticaParcial.Negocio", "PracticaParcial.Negocio\PracticaParcial.Negocio.csproj", "{B9CEFA47-11C4-4773-B59D-82B8525B1B00}"
EndProject
Global
	GlobalSection(SolutionConfigurationPlatforms) = preSolution
		Debug|Any CPU = Debug|Any CPU
		Release|Any CPU = Release|Any CPU
	EndGlobalSection
	GlobalSection(ProjectConfigurationPlatforms) = postSolution
		{27FD1C44-AD1F-42EB-BE2A-68E0FD9C40A3}.Debug|Any CPU.ActiveCfg = Debug|Any CPU
		{27FD1C44-AD1F-42EB-BE2A-68E0FD9C40A3}.Debug|Any CPU.Build.0 = Debug|Any CPU
		{27FD1C44-AD1F-42EB-BE2A-68E0FD9C40A3}.Release|Any CPU.ActiveCfg = Release|Any CPU
		{27FD1C44-AD1F-42EB-BE2A-68E0FD9C40A3}.Release|Any CPU.Build.0 = Release|Any CPU
		{630EEF64-98AB-4953-A294-829788D8E8FC}.Debug|Any CPU.ActiveCfg = Debug|Any CPU
		{630EEF64-98AB-4953-A294-829788D8E8FC}.Debug|Any CPU.Build.0 = Debug|Any CPU
		{630EEF64-98AB-4953-A294-829788D8E8FC}.Release|Any CPU.ActiveCfg = Release|Any CPU
		{630EEF64-98AB-4953-A294-829788D8E8FC}.Release|Any CPU.Build.0 = Release|Any CPU
		{78431257-0927-49E8-9C32-24A2276DBD26}.Debug|Any CPU.ActiveCfg = Debug|Any CPU
		{78431257-0927-49E8-9C32-24A2276DBD26}.Debug|Any CPU.Build.0 = Debug|Any CPU
		{78431257-0927-49E8-9C32-24A2276DBD26}.Release|Any CPU.ActiveCfg = Release|Any CPU
		{78431257-0927-49E8-9C32-24A2276DBD26}.Release|Any CPU.Build.0 = Release|Any CPU
		{B9CEFA47-11C4-4773-B59D-82B8525B1B00}.Debug|Any CPU.ActiveCfg = Debug|Any CPU
		{B9CEFA47-11C4-4773-B59D-82B8525B1B00}.Debug|Any CPU.Build.0 = Debug|Any CPU
		{B9CEFA47-11C4-4773-B59D-82B8525B1B00}.Release|Any CPU.ActiveCfg = Release|Any CPU
		{B9CEFA47-11C4-4773-B59D-82B8525B1B00}.Release|Any CPU.Build.0 = Release|Any CPU
	EndGlobalSection
	GlobalSection(SolutionProperties) = preSolution
		HideSolutionNode = FALSE
	EndGlobalSection
	GlobalSection(ExtensibilityGlobals) = postSolution
		SolutionGuid = {2A334555-25C8-4A27-9152-A4A947C027BC}
	EndGlobalSection
EndGlobal
