
Microsoft Visual Studio Solution File, Format Version 12.00
# Visual Studio Version 16
VisualStudioVersion = 16.0.31402.337
MinimumVisualStudioVersion = 10.0.40219.1
Project("{FAE04EC0-301F-11D3-BF4B-00C04F79EFBC}") = "IntegradorFacultad.Interfaz", "IntegradorFacultad.Interfaz\IntegradorFacultad.Interfaz.csproj", "{E86D9BE6-D256-47C0-9315-8DD135C2F5EB}"
EndProject
Project("{FAE04EC0-301F-11D3-BF4B-00C04F79EFBC}") = "IntegradorFacultad.BibliotecaClases", "IntegradorFacultad.BibliotecaClases\IntegradorFacultad.BibliotecaClases.csproj", "{924DFC99-827B-4280-BE3D-EC03E8BFD2D4}"
EndProject
Global
	GlobalSection(SolutionConfigurationPlatforms) = preSolution
		Debug|Any CPU = Debug|Any CPU
		Release|Any CPU = Release|Any CPU
	EndGlobalSection
	GlobalSection(ProjectConfigurationPlatforms) = postSolution
		{E86D9BE6-D256-47C0-9315-8DD135C2F5EB}.Debug|Any CPU.ActiveCfg = Debug|Any CPU
		{E86D9BE6-D256-47C0-9315-8DD135C2F5EB}.Debug|Any CPU.Build.0 = Debug|Any CPU
		{E86D9BE6-D256-47C0-9315-8DD135C2F5EB}.Release|Any CPU.ActiveCfg = Release|Any CPU
		{E86D9BE6-D256-47C0-9315-8DD135C2F5EB}.Release|Any CPU.Build.0 = Release|Any CPU
		{924DFC99-827B-4280-BE3D-EC03E8BFD2D4}.Debug|Any CPU.ActiveCfg = Debug|Any CPU
		{924DFC99-827B-4280-BE3D-EC03E8BFD2D4}.Debug|Any CPU.Build.0 = Debug|Any CPU
		{924DFC99-827B-4280-BE3D-EC03E8BFD2D4}.Release|Any CPU.ActiveCfg = Release|Any CPU
		{924DFC99-827B-4280-BE3D-EC03E8BFD2D4}.Release|Any CPU.Build.0 = Release|Any CPU
	EndGlobalSection
	GlobalSection(SolutionProperties) = preSolution
		HideSolutionNode = FALSE
	EndGlobalSection
	GlobalSection(ExtensibilityGlobals) = postSolution
		SolutionGuid = {D5D4594E-7B4A-48C9-90CA-24D047616E56}
	EndGlobalSection
EndGlobal
